
Microsoft Visual Studio Solution File, Format Version 12.00
# Visual Studio Version 17
VisualStudioVersion = 17.0.31912.275
MinimumVisualStudioVersion = 10.0.40219.1
Project("{FAE04EC0-301F-11D3-BF4B-00C04F79EFBC}") = "BuildYourOwnPizza", "BuildYourOwnPizza\BuildYourOwnPizza.csproj", "{9EBAC7AF-8231-4147-943B-DC0F09C19FDB}"
EndProject
Global
	GlobalSection(SolutionConfigurationPlatforms) = preSolution
		Debug|Any CPU = Debug|Any CPU
		Release|Any CPU = Release|Any CPU
	EndGlobalSection
	GlobalSection(ProjectConfigurationPlatforms) = postSolution
		{9EBAC7AF-8231-4147-943B-DC0F09C19FDB}.Debug|Any CPU.ActiveCfg = Debug|Any CPU
		{9EBAC7AF-8231-4147-943B-DC0F09C19FDB}.Debug|Any CPU.Build.0 = Debug|Any CPU
		{9EBAC7AF-8231-4147-943B-DC0F09C19FDB}.Release|Any CPU.ActiveCfg = Release|Any CPU
		{9EBAC7AF-8231-4147-943B-DC0F09C19FDB}.Release|Any CPU.Build.0 = Release|Any CPU
	EndGlobalSection
	GlobalSection(SolutionProperties) = preSolution
		HideSolutionNode = FALSE
	EndGlobalSection
	GlobalSection(ExtensibilityGlobals) = postSolution
		SolutionGuid = {38802CBF-028A-4443-B82F-B4511558FC66}
	EndGlobalSection
EndGlobal
